
Microsoft Visual Studio Solution File, Format Version 12.00
# Visual Studio Version 17
VisualStudioVersion = 17.11.35327.3
MinimumVisualStudioVersion = 10.0.40219.1
Project("{FAE04EC0-301F-11D3-BF4B-00C04F79EFBC}") = "AccountProvider.Presentation", "AccountProvider.Presentation\AccountProvider.Presentation.csproj", "{82441260-AF1B-498B-944D-04CA74E893A3}"
EndProject
Project("{FAE04EC0-301F-11D3-BF4B-00C04F79EFBC}") = "AccountProvider.Business", "AccountProvider.Business\AccountProvider.Business.csproj", "{F54F72AF-5E90-4B3B-8D28-ED7B4D8DE4CC}"
EndProject
Project("{FAE04EC0-301F-11D3-BF4B-00C04F79EFBC}") = "AccountProvider.Tests", "AccountProvider.Tests\AccountProvider.Tests.csproj", "{910AA01F-8D46-46C7-9D6B-0744A045781D}"
EndProject
Global
	GlobalSection(SolutionConfigurationPlatforms) = preSolution
		Debug|Any CPU = Debug|Any CPU
		Release|Any CPU = Release|Any CPU
	EndGlobalSection
	GlobalSection(ProjectConfigurationPlatforms) = postSolution
		{82441260-AF1B-498B-944D-04CA74E893A3}.Debug|Any CPU.ActiveCfg = Debug|Any CPU
		{82441260-AF1B-498B-944D-04CA74E893A3}.Debug|Any CPU.Build.0 = Debug|Any CPU
		{82441260-AF1B-498B-944D-04CA74E893A3}.Release|Any CPU.ActiveCfg = Release|Any CPU
		{82441260-AF1B-498B-944D-04CA74E893A3}.Release|Any CPU.Build.0 = Release|Any CPU
		{F54F72AF-5E90-4B3B-8D28-ED7B4D8DE4CC}.Debug|Any CPU.ActiveCfg = Debug|Any CPU
		{F54F72AF-5E90-4B3B-8D28-ED7B4D8DE4CC}.Debug|Any CPU.Build.0 = Debug|Any CPU
		{F54F72AF-5E90-4B3B-8D28-ED7B4D8DE4CC}.Release|Any CPU.ActiveCfg = Release|Any CPU
		{F54F72AF-5E90-4B3B-8D28-ED7B4D8DE4CC}.Release|Any CPU.Build.0 = Release|Any CPU
		{910AA01F-8D46-46C7-9D6B-0744A045781D}.Debug|Any CPU.ActiveCfg = Debug|Any CPU
		{910AA01F-8D46-46C7-9D6B-0744A045781D}.Debug|Any CPU.Build.0 = Debug|Any CPU
		{910AA01F-8D46-46C7-9D6B-0744A045781D}.Release|Any CPU.ActiveCfg = Release|Any CPU
		{910AA01F-8D46-46C7-9D6B-0744A045781D}.Release|Any CPU.Build.0 = Release|Any CPU
	EndGlobalSection
	GlobalSection(SolutionProperties) = preSolution
		HideSolutionNode = FALSE
	EndGlobalSection
	GlobalSection(ExtensibilityGlobals) = postSolution
		SolutionGuid = {B401BFB8-4438-4A2D-8511-2F1778B677B3}
	EndGlobalSection
EndGlobal
